
Microsoft Visual Studio Solution File, Format Version 12.00
# Visual Studio Version 17
VisualStudioVersion = 17.7.34221.43
MinimumVisualStudioVersion = 10.0.40219.1
Project("{9A19103F-16F7-4668-BE54-9A1E7A4F7556}") = "myApp", "myApp\myApp.csproj", "{B01794D7-0C22-4F7B-BA21-BF6930734492}"
EndProject
Global
	GlobalSection(SolutionConfigurationPlatforms) = preSolution
		Debug|Any CPU = Debug|Any CPU
		Release|Any CPU = Release|Any CPU
	EndGlobalSection
	GlobalSection(ProjectConfigurationPlatforms) = postSolution
		{B01794D7-0C22-4F7B-BA21-BF6930734492}.Debug|Any CPU.ActiveCfg = Debug|Any CPU
		{B01794D7-0C22-4F7B-BA21-BF6930734492}.Debug|Any CPU.Build.0 = Debug|Any CPU
		{B01794D7-0C22-4F7B-BA21-BF6930734492}.Release|Any CPU.ActiveCfg = Release|Any CPU
		{B01794D7-0C22-4F7B-BA21-BF6930734492}.Release|Any CPU.Build.0 = Release|Any CPU
	EndGlobalSection
	GlobalSection(SolutionProperties) = preSolution
		HideSolutionNode = FALSE
	EndGlobalSection
	GlobalSection(ExtensibilityGlobals) = postSolution
		SolutionGuid = {8EA87C02-B2F0-4F4F-BA22-65433F53C437}
	EndGlobalSection
EndGlobal
